
Microsoft Visual Studio Solution File, Format Version 12.00
# Visual Studio 14
VisualStudioVersion = 14.0.25123.0
MinimumVisualStudioVersion = 10.0.40219.1
Project("{FAE04EC0-301F-11D3-BF4B-00C04F79EFBC}") = "TestLibrary", "TestLibrary\TestLibrary.csproj", "{C068143A-07C2-48BE-9EDB-08A05E8153CF}"
EndProject
Project("{FAE04EC0-301F-11D3-BF4B-00C04F79EFBC}") = "TestProgram", "TestProgram\TestProgram.csproj", "{2BEA16CC-48D6-4FC7-9DF9-606ADC3428F9}"
EndProject
Project("{FAE04EC0-301F-11D3-BF4B-00C04F79EFBC}") = "UnitTestProject", "UnitTestProject\UnitTestProject.csproj", "{70DDC7EE-BA73-4B41-9FFD-BA3E0F0A9DAC}"
EndProject
Global
	GlobalSection(SolutionConfigurationPlatforms) = preSolution
		Debug|Any CPU = Debug|Any CPU
		Release|Any CPU = Release|Any CPU
	EndGlobalSection
	GlobalSection(ProjectConfigurationPlatforms) = postSolution
		{C068143A-07C2-48BE-9EDB-08A05E8153CF}.Debug|Any CPU.ActiveCfg = Debug|Any CPU
		{C068143A-07C2-48BE-9EDB-08A05E8153CF}.Debug|Any CPU.Build.0 = Debug|Any CPU
		{C068143A-07C2-48BE-9EDB-08A05E8153CF}.Release|Any CPU.ActiveCfg = Release|Any CPU
		{C068143A-07C2-48BE-9EDB-08A05E8153CF}.Release|Any CPU.Build.0 = Release|Any CPU
		{2BEA16CC-48D6-4FC7-9DF9-606ADC3428F9}.Debug|Any CPU.ActiveCfg = Debug|Any CPU
		{2BEA16CC-48D6-4FC7-9DF9-606ADC3428F9}.Debug|Any CPU.Build.0 = Debug|Any CPU
		{2BEA16CC-48D6-4FC7-9DF9-606ADC3428F9}.Release|Any CPU.ActiveCfg = Release|Any CPU
		{2BEA16CC-48D6-4FC7-9DF9-606ADC3428F9}.Release|Any CPU.Build.0 = Release|Any CPU
		{70DDC7EE-BA73-4B41-9FFD-BA3E0F0A9DAC}.Debug|Any CPU.ActiveCfg = Debug|Any CPU
		{70DDC7EE-BA73-4B41-9FFD-BA3E0F0A9DAC}.Debug|Any CPU.Build.0 = Debug|Any CPU
		{70DDC7EE-BA73-4B41-9FFD-BA3E0F0A9DAC}.Release|Any CPU.ActiveCfg = Release|Any CPU
		{70DDC7EE-BA73-4B41-9FFD-BA3E0F0A9DAC}.Release|Any CPU.Build.0 = Release|Any CPU
	EndGlobalSection
	GlobalSection(SolutionProperties) = preSolution
		HideSolutionNode = FALSE
	EndGlobalSection
	GlobalSection(MonoDevelopProperties) = preSolution
		StartupItem = TestProgram\TestProgram.csproj
		Policies = $0
		$0.TextStylePolicy = $4
		$1.inheritsSet = VisualStudio
		$1.inheritsScope = text/plain
		$1.scope = text/x-csharp
		$0.CSharpFormattingPolicy = $2
		$2.IndentSwitchBody = True
		$2.AnonymousMethodBraceStyle = NextLine
		$2.PropertyBraceStyle = NextLine
		$2.PropertyGetBraceStyle = NextLine
		$2.PropertySetBraceStyle = NextLine
		$2.EventBraceStyle = NextLine
		$2.EventAddBraceStyle = NextLine
		$2.EventRemoveBraceStyle = NextLine
		$2.StatementBraceStyle = NextLine
		$2.ArrayInitializerBraceStyle = NextLine
		$2.BeforeMethodDeclarationParentheses = False
		$2.BeforeMethodCallParentheses = False
		$2.BeforeConstructorDeclarationParentheses = False
		$2.BeforeDelegateDeclarationParentheses = False
		$2.NewParentheses = False
		$2.inheritsSet = Mono
		$2.inheritsScope = text/x-csharp
		$2.scope = text/x-csharp
		$3.inheritsSet = VisualStudio
		$3.inheritsScope = text/plain
		$3.scope = text/plain
		$4.inheritsSet = VisualStudio
		$4.inheritsScope = text/plain
		$4.scope = text/x-csrc
	EndGlobalSection
EndGlobal
